
Microsoft Visual Studio Solution File, Format Version 12.00
# Visual Studio Version 17
VisualStudioVersion = 17.0.31903.59
MinimumVisualStudioVersion = 10.0.40219.1
Project("{2150E333-8FDC-42A3-9474-1A3956D46DE8}") = ".root", ".root", "{02492523-807B-4AB7-92EE-EC5AD36C3B24}"
	ProjectSection(SolutionItems) = preProject
		.gitignore = .gitignore
		build.cake = build.cake
		build.cmd = build.cmd
		build.ps1 = build.ps1
		build.sh = build.sh
		cake.config = cake.config
		CODE_OF_CONDUCT.md = CODE_OF_CONDUCT.md
		Directory.Build.props = Directory.Build.props
		Directory.Build.targets = Directory.Build.targets
		GitVersion.yml = GitVersion.yml
		LICENSE = LICENSE
		README.md = README.md
	EndProjectSection
EndProject
Project("{2150E333-8FDC-42A3-9474-1A3956D46DE8}") = "sources", "sources", "{D59E9A9D-6EFF-4AB1-9800-4AB217896B5A}"
	ProjectSection(SolutionItems) = preProject
		sources\Directory.Build.props = sources\Directory.Build.props
		sources\Directory.Build.targets = sources\Directory.Build.targets
	EndProjectSection
EndProject
Project("{9A19103F-16F7-4668-BE54-9A1E7A4F7556}") = "MultimediaFramework", "sources\MultimediaFramework\MultimediaFramework.csproj", "{3AC1635D-FF0D-403B-BCC4-597E8DABC6D6}"
EndProject
Project("{2150E333-8FDC-42A3-9474-1A3956D46DE8}") = "tests", "tests", "{5CFF635D-B168-4FD1-BBCC-66DECE91C5F0}"
	ProjectSection(SolutionItems) = preProject
		tests\Directory.Build.props = tests\Directory.Build.props
		tests\Directory.Build.targets = tests\Directory.Build.targets
	EndProjectSection
EndProject
Project("{9A19103F-16F7-4668-BE54-9A1E7A4F7556}") = "MultimediaFramework.Tests", "tests\MultimediaFramework.Tests\MultimediaFramework.Tests.csproj", "{1BD5B680-62A2-4277-985D-4EF60012E6E7}"
EndProject
Project("{2150E333-8FDC-42A3-9474-1A3956D46DE8}") = ".config", ".config", "{4F1D250F-E628-4E42-8CC2-6526B7F524D3}"
	ProjectSection(SolutionItems) = preProject
		.config\dotnet-tools.json = .config\dotnet-tools.json
	EndProjectSection
EndProject
Project("{2150E333-8FDC-42A3-9474-1A3956D46DE8}") = ".github", ".github", "{81EF652A-8865-4425-9425-66E70086D1CD}"
EndProject
Project("{2150E333-8FDC-42A3-9474-1A3956D46DE8}") = "workflows", "workflows", "{DB9D9684-EA59-414D-A605-3975F8AC0A6C}"
	ProjectSection(SolutionItems) = preProject
		.github\workflows\ci.yml = .github\workflows\ci.yml
	EndProjectSection
EndProject
Project("{2150E333-8FDC-42A3-9474-1A3956D46DE8}") = ".vscode", ".vscode", "{1032AD49-4A9C-4FF5-B144-ACB5C7735A24}"
	ProjectSection(SolutionItems) = preProject
		.vscode\launch.json = .vscode\launch.json
	EndProjectSection
EndProject
Global
	GlobalSection(SolutionConfigurationPlatforms) = preSolution
		Debug|Any CPU = Debug|Any CPU
		Release|Any CPU = Release|Any CPU
	EndGlobalSection
	GlobalSection(ProjectConfigurationPlatforms) = postSolution
		{3AC1635D-FF0D-403B-BCC4-597E8DABC6D6}.Debug|Any CPU.ActiveCfg = Debug|Any CPU
		{3AC1635D-FF0D-403B-BCC4-597E8DABC6D6}.Debug|Any CPU.Build.0 = Debug|Any CPU
		{3AC1635D-FF0D-403B-BCC4-597E8DABC6D6}.Release|Any CPU.ActiveCfg = Release|Any CPU
		{3AC1635D-FF0D-403B-BCC4-597E8DABC6D6}.Release|Any CPU.Build.0 = Release|Any CPU
		{1BD5B680-62A2-4277-985D-4EF60012E6E7}.Debug|Any CPU.ActiveCfg = Debug|Any CPU
		{1BD5B680-62A2-4277-985D-4EF60012E6E7}.Debug|Any CPU.Build.0 = Debug|Any CPU
		{1BD5B680-62A2-4277-985D-4EF60012E6E7}.Release|Any CPU.ActiveCfg = Release|Any CPU
		{1BD5B680-62A2-4277-985D-4EF60012E6E7}.Release|Any CPU.Build.0 = Release|Any CPU
	EndGlobalSection
	GlobalSection(SolutionProperties) = preSolution
		HideSolutionNode = FALSE
	EndGlobalSection
	GlobalSection(NestedProjects) = preSolution
		{3AC1635D-FF0D-403B-BCC4-597E8DABC6D6} = {D59E9A9D-6EFF-4AB1-9800-4AB217896B5A}
		{1BD5B680-62A2-4277-985D-4EF60012E6E7} = {5CFF635D-B168-4FD1-BBCC-66DECE91C5F0}
		{DB9D9684-EA59-414D-A605-3975F8AC0A6C} = {81EF652A-8865-4425-9425-66E70086D1CD}
	EndGlobalSection
	GlobalSection(ExtensibilityGlobals) = postSolution
		SolutionGuid = {B1D182AF-C959-45C3-9231-4F993D513C86}
	EndGlobalSection
EndGlobal
